Microsoft Visual Studio Solution File, Format Version 11.00
# Visual Studio 2008

Project("{6AB11838-08D9-2901-8FED-BFD25B4A9E13}") = "AamsaraGames_FireSouls", "Assembly-CSharp.csproj", "{B9B75D9C-8AA7-AED7-04E2-6FF94ABDD49C}"
EndProject
Global
	GlobalSection(SolutionConfigurationPlatforms) = preSolution
		Debug|Any CPU = Debug|Any CPU
		Release|Any CPU = Release|Any CPU
	EndGlobalSection
	GlobalSection(ProjectConfigurationPlatforms) = postSolution
		{B9B75D9C-8AA7-AED7-04E2-6FF94ABDD49C}.Debug|Any CPU.ActiveCfg = Debug|Any CPU
		{B9B75D9C-8AA7-AED7-04E2-6FF94ABDD49C}.Debug|Any CPU.Build.0 = Debug|Any CPU
		{B9B75D9C-8AA7-AED7-04E2-6FF94ABDD49C}.Release|Any CPU.ActiveCfg = Release|Any CPU
		{B9B75D9C-8AA7-AED7-04E2-6FF94ABDD49C}.Release|Any CPU.Build.0 = Release|Any CPU
	EndGlobalSection
	GlobalSection(SolutionProperties) = preSolution
		HideSolutionNode = FALSE
	EndGlobalSection
	GlobalSection(MonoDevelopProperties) = preSolution
		StartupItem = Assembly-CSharp.csproj
	EndGlobalSection
EndGlobal
